
Microsoft Visual Studio Solution File, Format Version 12.00
# Visual Studio Version 17
VisualStudioVersion = 17.9.34714.143
MinimumVisualStudioVersion = 10.0.40219.1
Project("{9A19103F-16F7-4668-BE54-9A1E7A4F7556}") = "Project_TA", "Project_TA\Project_TA.csproj", "{53D0BD3E-14E3-4D7D-AE86-27D5F36FFF44}"
EndProject
Global
	GlobalSection(SolutionConfigurationPlatforms) = preSolution
		Debug|Any CPU = Debug|Any CPU
		Release|Any CPU = Release|Any CPU
	EndGlobalSection
	GlobalSection(ProjectConfigurationPlatforms) = postSolution
		{53D0BD3E-14E3-4D7D-AE86-27D5F36FFF44}.Debug|Any CPU.ActiveCfg = Debug|Any CPU
		{53D0BD3E-14E3-4D7D-AE86-27D5F36FFF44}.Debug|Any CPU.Build.0 = Debug|Any CPU
		{53D0BD3E-14E3-4D7D-AE86-27D5F36FFF44}.Debug|Any CPU.Deploy.0 = Debug|Any CPU
		{53D0BD3E-14E3-4D7D-AE86-27D5F36FFF44}.Release|Any CPU.ActiveCfg = Release|Any CPU
		{53D0BD3E-14E3-4D7D-AE86-27D5F36FFF44}.Release|Any CPU.Build.0 = Release|Any CPU
		{53D0BD3E-14E3-4D7D-AE86-27D5F36FFF44}.Release|Any CPU.Deploy.0 = Release|Any CPU
	EndGlobalSection
	GlobalSection(SolutionProperties) = preSolution
		HideSolutionNode = FALSE
	EndGlobalSection
	GlobalSection(ExtensibilityGlobals) = postSolution
		SolutionGuid = {C5098F49-D8E9-4055-B6FF-7C9D8CA3A955}
	EndGlobalSection
EndGlobal
